
Microsoft Visual Studio Solution File, Format Version 12.00
Project("{FAE04EC0-301F-11D3-BF4B-00C04F79EFBC}") = "EOS.Client", "EOS.Client\EOS.Client.csproj", "{238DFB4E-BDAF-4BD4-9248-9CB8DF35C7B9}"
EndProject
Global
	GlobalSection(SolutionConfigurationPlatforms) = preSolution
		Debug|Any CPU = Debug|Any CPU
		Release|Any CPU = Release|Any CPU
	EndGlobalSection
	GlobalSection(ProjectConfigurationPlatforms) = postSolution
		{238DFB4E-BDAF-4BD4-9248-9CB8DF35C7B9}.Debug|Any CPU.ActiveCfg = Debug|Any CPU
		{238DFB4E-BDAF-4BD4-9248-9CB8DF35C7B9}.Debug|Any CPU.Build.0 = Debug|Any CPU
		{238DFB4E-BDAF-4BD4-9248-9CB8DF35C7B9}.Release|Any CPU.ActiveCfg = Release|Any CPU
		{238DFB4E-BDAF-4BD4-9248-9CB8DF35C7B9}.Release|Any CPU.Build.0 = Release|Any CPU
	EndGlobalSection
EndGlobal
